
Microsoft Visual Studio Solution File, Format Version 12.00
# Visual Studio 14
VisualStudioVersion = 14.0.25123.0
MinimumVisualStudioVersion = 10.0.40219.1
Project("{FAE04EC0-301F-11D3-BF4B-00C04F79EFBC}") = "Daisy.Core", "Daisy.Core.csproj", "{29FED1F0-CB09-4116-8961-D1EDA6481E7B}"
EndProject
Project("{FAE04EC0-301F-11D3-BF4B-00C04F79EFBC}") = "Daisy.Test", "..\Daisy.Test\Daisy.Test.csproj", "{3BF71B9C-D175-460F-9BC2-FBB6B1464B26}"
EndProject
Global
	GlobalSection(SolutionConfigurationPlatforms) = preSolution
		Debug|Any CPU = Debug|Any CPU
		Release|Any CPU = Release|Any CPU
	EndGlobalSection
	GlobalSection(ProjectConfigurationPlatforms) = postSolution
		{29FED1F0-CB09-4116-8961-D1EDA6481E7B}.Debug|Any CPU.ActiveCfg = Debug|Any CPU
		{29FED1F0-CB09-4116-8961-D1EDA6481E7B}.Debug|Any CPU.Build.0 = Debug|Any CPU
		{29FED1F0-CB09-4116-8961-D1EDA6481E7B}.Release|Any CPU.ActiveCfg = Release|Any CPU
		{29FED1F0-CB09-4116-8961-D1EDA6481E7B}.Release|Any CPU.Build.0 = Release|Any CPU
		{3BF71B9C-D175-460F-9BC2-FBB6B1464B26}.Debug|Any CPU.ActiveCfg = Debug|Any CPU
		{3BF71B9C-D175-460F-9BC2-FBB6B1464B26}.Debug|Any CPU.Build.0 = Debug|Any CPU
		{3BF71B9C-D175-460F-9BC2-FBB6B1464B26}.Release|Any CPU.ActiveCfg = Release|Any CPU
		{3BF71B9C-D175-460F-9BC2-FBB6B1464B26}.Release|Any CPU.Build.0 = Release|Any CPU
	EndGlobalSection
	GlobalSection(SolutionProperties) = preSolution
		HideSolutionNode = FALSE
	EndGlobalSection
EndGlobal
